<?xml version="1.0" encoding="utf-8"?>
<Project ToolsVersion="4.0" xmlns="http://schemas.microsoft.com/developer/msbuild/2003">
  <ItemGroup>
    <Filter Include="src">
      <UniqueIdentifier>{993296a9-7d83-4d21-84fb-17c658172721}</UniqueIdentifier>
    </Filter>
  </ItemGroup>
  <ItemGroup>
    <ClInclude Include="Types.h">
      <Filter>src</Filter>
    </ClInclude>
    <ClInclude Include="AddressUtils.h">
      <Filter>src</Filter>
    </ClInclude>
    <ClInclude Include="StringUtils.h">
      <Filter>src</Filter>
    </ClInclude>
    <ClInclude Include="ProcessHelper.h">
      <Filter>src</Filter>
    </ClInclude>
  </ItemGroup>
  <ItemGroup>
    <ClCompile Include="ProcessHelper.cpp">
      <Filter>src</Filter>
    </ClCompile>
  </ItemGroup>
</Project>